
Microsoft Visual Studio Solution File, Format Version 12.00
# Visual Studio Version 17
VisualStudioVersion = 17.5.33424.131
MinimumVisualStudioVersion = 10.0.40219.1
Project("{FAE04EC0-301F-11D3-BF4B-00C04F79EFBC}") = "Практическое задание готовое", "Практическое задание готовое\Практическое задание готовое.csproj", "{8BC47D75-B2A0-4FA7-A7AF-D9C27352BCB4}"
EndProject
Global
	GlobalSection(SolutionConfigurationPlatforms) = preSolution
		Debug|Any CPU = Debug|Any CPU
		Release|Any CPU = Release|Any CPU
	EndGlobalSection
	GlobalSection(ProjectConfigurationPlatforms) = postSolution
		{8BC47D75-B2A0-4FA7-A7AF-D9C27352BCB4}.Debug|Any CPU.ActiveCfg = Debug|Any CPU
		{8BC47D75-B2A0-4FA7-A7AF-D9C27352BCB4}.Debug|Any CPU.Build.0 = Debug|Any CPU
		{8BC47D75-B2A0-4FA7-A7AF-D9C27352BCB4}.Release|Any CPU.ActiveCfg = Release|Any CPU
		{8BC47D75-B2A0-4FA7-A7AF-D9C27352BCB4}.Release|Any CPU.Build.0 = Release|Any CPU
	EndGlobalSection
	GlobalSection(SolutionProperties) = preSolution
		HideSolutionNode = FALSE
	EndGlobalSection
	GlobalSection(ExtensibilityGlobals) = postSolution
		SolutionGuid = {A0F1DE15-51BA-4C2B-807C-C15CF11B93E3}
	EndGlobalSection
EndGlobal
